// !$*UTF8*$!
{
	archiveVersion = 1;
	classes = {
	};
	objectVersion = 46;
	objects = {

/* Begin PBXBuildFile section */
		4439FE471DBFE57100281562 /* paypal.jpg in Resources */ = {isa = PBXBuildFile; fileRef = 4439FE461DBFE57100281562 /* paypal.jpg */; };
		44E4BDBC1DBFC79C00CD17E5 /* AppDelegate.swift in Sources */ = {isa = PBXBuildFile; fileRef = 44E4BDBB1DBFC79C00CD17E5 /* AppDelegate.swift */; };
		44E4BDBE1DBFC79C00CD17E5 /* ViewController.swift in Sources */ = {isa = PBXBuildFile; fileRef = 44E4BDBD1DBFC79C00CD17E5 /* ViewController.swift */; };
		44E4BDC11DBFC79C00CD17E5 /* Main.storyboard in Resources */ = {isa = PBXBuildFile; fileRef = 44E4BDBF1DBFC79C00CD17E5 /* Main.storyboard */; };
		44E4BDC31DBFC79C00CD17E5 /* Assets.xcassets in Resources */ = {isa = PBXBuildFile; fileRef = 44E4BDC21DBFC79C00CD17E5 /* Assets.xcassets */; };
		44E4BDC61DBFC79C00CD17E5 /* LaunchScreen.storyboard in Resources */ = {isa = PBXBuildFile; fileRef = 44E4BDC41DBFC79C00CD17E5 /* LaunchScreen.storyboard */; };
		44E4BDD11DBFC79C00CD17E5 /* PayPalVaultSwiftTests.swift in Sources */ = {isa = PBXBuildFile; fileRef = 44E4BDD01DBFC79C00CD17E5 /* PayPalVaultSwiftTests.swift */; };
		44E4BDDC1DBFC79C00CD17E5 /* PayPalVaultSwiftUITests.swift in Sources */ = {isa = PBXBuildFile; fileRef = 44E4BDDB1DBFC79C00CD17E5 /* PayPalVaultSwiftUITests.swift */; };
		90C7E1C015DB25F1EF25636C /* libPods.a in Frameworks */ = {isa = PBXBuildFile; fileRef = 4CDAFE226F2C0AAACDAF61A5 /* libPods.a */; };
/* End PBXBuildFile section */

/* Begin PBXContainerItemProxy section */
		44E4BDCD1DBFC79C00CD17E5 /* PBXContainerItemProxy */ = {
			isa = PBXContainerItemProxy;
			containerPortal = 44E4BDB01DBFC79C00CD17E5 /* Project object */;
			proxyType = 1;
			remoteGlobalIDString = 44E4BDB71DBFC79C00CD17E5;
			remoteInfo = PayPalVaultSwift;
		};
		44E4BDD81DBFC79C00CD17E5 /* PBXContainerItemProxy */ = {
			isa = PBXContainerItemProxy;
			containerPortal = 44E4BDB01DBFC79C00CD17E5 /* Project object */;
			proxyType = 1;
			remoteGlobalIDString = 44E4BDB71DBFC79C00CD17E5;
			remoteInfo = PayPalVaultSwift;
		};
/* End PBXContainerItemProxy section */

/* Begin PBXFileReference section */
		3E000E3DFEA360E20D4B3C13 /* Pods.release.xcconfig */ = {isa = PBXFileReference; includeInIndex = 1; lastKnownFileType = text.xcconfig; name = Pods.release.xcconfig; path = "Pods/Target Support Files/Pods/Pods.release.xcconfig"; sourceTree = "<group>"; };
		4439FE451DBFCB1300281562 /* BridgingHeader.h */ = {isa = PBXFileReference; fileEncoding = 4; lastKnownFileType = sourcecode.c.h; path = BridgingHeader.h; sourceTree = "<group>"; };
		4439FE461DBFE57100281562 /* paypal.jpg */ = {isa = PBXFileReference; lastKnownFileType = image.jpeg; path = paypal.jpg; sourceTree = "<group>"; };
		44E4BDB81DBFC79C00CD17E5 /* PayPalVaultSwift.app */ = {isa = PBXFileReference; explicitFileType = wrapper.application; includeInIndex = 0; path = PayPalVaultSwift.app; sourceTree = BUILT_PRODUCTS_DIR; };
		44E4BDBB1DBFC79C00CD17E5 /* AppDelegate.swift */ = {isa = PBXFileReference; lastKnownFileType = sourcecode.swift; path = AppDelegate.swift; sourceTree = "<group>"; };
		44E4BDBD1DBFC79C00CD17E5 /* ViewController.swift */ = {isa = PBXFileReference; lastKnownFileType = sourcecode.swift; path = ViewController.swift; sourceTree = "<group>"; };
		44E4BDC01DBFC79C00CD17E5 /* Base */ = {isa = PBXFileReference; lastKnownFileType = file.storyboard; name = Base; path = Base.lproj/Main.storyboard; sourceTree = "<group>"; };
		44E4BDC21DBFC79C00CD17E5 /* Assets.xcassets */ = {isa = PBXFileReference; lastKnownFileType = folder.assetcatalog; path = Assets.xcassets; sourceTree = "<group>"; };
		44E4BDC51DBFC79C00CD17E5 /* Base */ = {isa = PBXFileReference; lastKnownFileType = file.storyboard; name = Base; path = Base.lproj/LaunchScreen.storyboard; sourceTree = "<group>"; };
		44E4BDC71DBFC79C00CD17E5 /* Info.plist */ = {isa = PBXFileReference; lastKnownFileType = text.plist.xml; path = Info.plist; sourceTree = "<group>"; };
		44E4BDCC1DBFC79C00CD17E5 /* PayPalVaultSwiftTests.xctest */ = {isa = PBXFileReference; explicitFileType = wrapper.cfbundle; includeInIndex = 0; path = PayPalVaultSwiftTests.xctest; sourceTree = BUILT_PRODUCTS_DIR; };
		44E4BDD01DBFC79C00CD17E5 /* PayPalVaultSwiftTests.swift */ = {isa = PBXFileReference; lastKnownFileType = sourcecode.swift; path = PayPalVaultSwiftTests.swift; sourceTree = "<group>"; };
		44E4BDD21DBFC79C00CD17E5 /* Info.plist */ = {isa = PBXFileReference; lastKnownFileType = text.plist.xml; path = Info.plist; sourceTree = "<group>"; };
		44E4BDD71DBFC79C00CD17E5 /* PayPalVaultSwiftUITests.xctest */ = {isa = PBXFileReference; explicitFileType = wrapper.cfbundle; includeInIndex = 0; path = PayPalVaultSwiftUITests.xctest; sourceTree = BUILT_PRODUCTS_DIR; };
		44E4BDDB1DBFC79C00CD17E5 /* PayPalVaultSwiftUITests.swift */ = {isa = PBXFileReference; lastKnownFileType = sourcecode.swift; path = PayPalVaultSwiftUITests.swift; sourceTree = "<group>"; };
		44E4BDDD1DBFC79C00CD17E5 /* Info.plist */ = {isa = PBXFileReference; lastKnownFileType = text.plist.xml; path = Info.plist; sourceTree = "<group>"; };
		4CDAFE226F2C0AAACDAF61A5 /* libPods.a */ = {isa = PBXFileReference; explicitFileType = archive.ar; includeInIndex = 0; path = libPods.a; sourceTree = BUILT_PRODUCTS_DIR; };
		CF645DE6C67A220AA3700264 /* Pods.debug.xcconfig */ = {isa = PBXFileReference; includeInIndex = 1; lastKnownFileType = text.xcconfig; name = Pods.debug.xcconfig; path = "Pods/Target Support Files/Pods/Pods.debug.xcconfig"; sourceTree = "<group>"; };
/* End PBXFileReference section */

/* Begin PBXFrameworksBuildPhase section */
		44E4BDB51DBFC79C00CD17E5 /* Frameworks */ = {
			isa = PBXFrameworksBuildPhase;
			buildActionMask = 2147483647;
			files = (
				90C7E1C015DB25F1EF25636C /* libPods.a in Frameworks */,
			);
			runOnlyForDeploymentPostprocessing = 0;
		};
		44E4BDC91DBFC79C00CD17E5 /* Frameworks */ = {
			isa = PBXFrameworksBuildPhase;
			buildActionMask = 2147483647;
			files = (
			);
			runOnlyForDeploymentPostprocessing = 0;
		};
		44E4BDD41DBFC79C00CD17E5 /* Frameworks */ = {
			isa = PBXFrameworksBuildPhase;
			buildActionMask = 2147483647;
			files = (
			);
			runOnlyForDeploymentPostprocessing = 0;
		};
/* End PBXFrameworksBuildPhase section */

/* Begin PBXGroup section */
		44E4BDAF1DBFC79C00CD17E5 = {
			isa = PBXGroup;
			children = (
				44E4BDBA1DBFC79C00CD17E5 /* PayPalVaultSwift */,
				44E4BDCF1DBFC79C00CD17E5 /* PayPalVaultSwiftTests */,
				44E4BDDA1DBFC79C00CD17E5 /* PayPalVaultSwiftUITests */,
				44E4BDB91DBFC79C00CD17E5 /* Products */,
				DAA7C2719AA9768274EFCDFD /* Pods */,
				9096FDAFEA7F7993E7C1CD16 /* Frameworks */,
			);
			sourceTree = "<group>";
		};
		44E4BDB91DBFC79C00CD17E5 /* Products */ = {
			isa = PBXGroup;
			children = (
				44E4BDB81DBFC79C00CD17E5 /* PayPalVaultSwift.app */,
				44E4BDCC1DBFC79C00CD17E5 /* PayPalVaultSwiftTests.xctest */,
				44E4BDD71DBFC79C00CD17E5 /* PayPalVaultSwiftUITests.xctest */,
			);
			name = Products;
			sourceTree = "<group>";
		};
		44E4BDBA1DBFC79C00CD17E5 /* PayPalVaultSwift */ = {
			isa = PBXGroup;
			children = (
				44E4BDBB1DBFC79C00CD17E5 /* AppDelegate.swift */,
				4439FE451DBFCB1300281562 /* BridgingHeader.h */,
				44E4BDBD1DBFC79C00CD17E5 /* ViewController.swift */,
				44E4BDBF1DBFC79C00CD17E5 /* Main.storyboard */,
				44E4BDC21DBFC79C00CD17E5 /* Assets.xcassets */,
				44E4BDC41DBFC79C00CD17E5 /* LaunchScreen.storyboard */,
				44E4BDC71DBFC79C00CD17E5 /* Info.plist */,
				4439FE461DBFE57100281562 /* paypal.jpg */,
			);
			path = PayPalVaultSwift;
			sourceTree = "<group>";
		};
		44E4BDCF1DBFC79C00CD17E5 /* PayPalVaultSwiftTests */ = {
			isa = PBXGroup;
			children = (
				44E4BDD01DBFC79C00CD17E5 /* PayPalVaultSwiftTests.swift */,
				44E4BDD21DBFC79C00CD17E5 /* Info.plist */,
			);
			path = PayPalVaultSwiftTests;
			sourceTree = "<group>";
		};
		44E4BDDA1DBFC79C00CD17E5 /* PayPalVaultSwiftUITests */ = {
			isa = PBXGroup;
			children = (
				44E4BDDB1DBFC79C00CD17E5 /* PayPalVaultSwiftUITests.swift */,
				44E4BDDD1DBFC79C00CD17E5 /* Info.plist */,
			);
			path = PayPalVaultSwiftUITests;
			sourceTree = "<group>";
		};
		9096FDAFEA7F7993E7C1CD16 /* Frameworks */ = {
			isa = PBXGroup;
			children = (
				4CDAFE226F2C0AAACDAF61A5 /* libPods.a */,
			);
			name = Frameworks;
			sourceTree = "<group>";
		};
		DAA7C2719AA9768274EFCDFD /* Pods */ = {
			isa = PBXGroup;
			children = (
				CF645DE6C67A220AA3700264 /* Pods.debug.xcconfig */,
				3E000E3DFEA360E20D4B3C13 /* Pods.release.xcconfig */,
			);
			name = Pods;
			sourceTree = "<group>";
		};
/* End PBXGroup section */

/* Begin PBXNativeTarget section */
		44E4BDB71DBFC79C00CD17E5 /* PayPalVaultSwift */ = {
			isa = PBXNativeTarget;
			buildConfigurationList = 44E4BDE01DBFC79C00CD17E5 /* Build configuration list for PBXNativeTarget "PayPalVaultSwift" */;
			buildPhases = (
				EA9550123AEDCB31AC0DD603 /* Check Pods Manifest.lock */,
				44E4BDB41DBFC79C00CD17E5 /* Sources */,
				44E4BDB51DBFC79C00CD17E5 /* Frameworks */,
				44E4BDB61DBFC79C00CD17E5 /* Resources */,
				2096ADA09576EF9D050AC93D /* Embed Pods Frameworks */,
				C60999505C173EDB96FCB9DC /* Copy Pods Resources */,
			);
			buildRules = (
			);
			dependencies = (
			);
			name = PayPalVaultSwift;
			productName = PayPalVaultSwift;
			productReference = 44E4BDB81DBFC79C00CD17E5 /* PayPalVaultSwift.app */;
			productType = "com.apple.product-type.application";
		};
		44E4BDCB1DBFC79C00CD17E5 /* PayPalVaultSwiftTests */ = {
			isa = PBXNativeTarget;
			buildConfigurationList = 44E4BDE31DBFC79C00CD17E5 /* Build configuration list for PBXNativeTarget "PayPalVaultSwiftTests" */;
			buildPhases = (
				44E4BDC81DBFC79C00CD17E5 /* Sources */,
				44E4BDC91DBFC79C00CD17E5 /* Frameworks */,
				44E4BDCA1DBFC79C00CD17E5 /* Resources */,
			);
			buildRules = (
			);
			dependencies = (
				44E4BDCE1DBFC79C00CD17E5 /* PBXTargetDependency */,
			);
			name = PayPalVaultSwiftTests;
			productName = PayPalVaultSwiftTests;
			productReference = 44E4BDCC1DBFC79C00CD17E5 /* PayPalVaultSwiftTests.xctest */;
			productType = "com.apple.product-type.bundle.unit-test";
		};
		44E4BDD61DBFC79C00CD17E5 /* PayPalVaultSwiftUITests */ = {
			isa = PBXNativeTarget;
			buildConfigurationList = 44E4BDE61DBFC79C00CD17E5 /* Build configuration list for PBXNativeTarget "PayPalVaultSwiftUITests" */;
			buildPhases = (
				44E4BDD31DBFC79C00CD17E5 /* Sources */,
				44E4BDD41DBFC79C00CD17E5 /* Frameworks */,
				44E4BDD51DBFC79C00CD17E5 /* Resources */,
			);
			buildRules = (
			);
			dependencies = (
				44E4BDD91DBFC79C00CD17E5 /* PBXTargetDependency */,
			);
			name = PayPalVaultSwiftUITests;
			productName = PayPalVaultSwiftUITests;
			productReference = 44E4BDD71DBFC79C00CD17E5 /* PayPalVaultSwiftUITests.xctest */;
			productType = "com.apple.product-type.bundle.ui-testing";
		};
/* End PBXNativeTarget section */

/* Begin PBXProject section */
		44E4BDB01DBFC79C00CD17E5 /* Project object */ = {
			isa = PBXProject;
			attributes = {
				LastSwiftUpdateCheck = 0800;
				LastUpgradeCheck = 0800;
				ORGANIZATIONNAME = Orcun;
				TargetAttributes = {
					44E4BDB71DBFC79C00CD17E5 = {
						CreatedOnToolsVersion = 8.0;
						DevelopmentTeam = 9A3TTZETCF;
						ProvisioningStyle = Automatic;
					};
					44E4BDCB1DBFC79C00CD17E5 = {
						CreatedOnToolsVersion = 8.0;
						ProvisioningStyle = Automatic;
						TestTargetID = 44E4BDB71DBFC79C00CD17E5;
					};
					44E4BDD61DBFC79C00CD17E5 = {
						CreatedOnToolsVersion = 8.0;
						ProvisioningStyle = Automatic;
						TestTargetID = 44E4BDB71DBFC79C00CD17E5;
					};
				};
			};
			buildConfigurationList = 44E4BDB31DBFC79C00CD17E5 /* Build configuration list for PBXProject "PayPalVaultSwift" */;
			compatibilityVersion = "Xcode 3.2";
			developmentRegion = English;
			hasScannedForEncodings = 0;
			knownRegions = (
				en,
				Base,
			);
			mainGroup = 44E4BDAF1DBFC79C00CD17E5;
			productRefGroup = 44E4BDB91DBFC79C00CD17E5 /* Products */;
			projectDirPath = "";
			projectRoot = "";
			targets = (
				44E4BDB71DBFC79C00CD17E5 /* PayPalVaultSwift */,
				44E4BDCB1DBFC79C00CD17E5 /* PayPalVaultSwiftTests */,
				44E4BDD61DBFC79C00CD17E5 /* PayPalVaultSwiftUITests */,
			);
		};
/* End PBXProject section */

/* Begin PBXResourcesBuildPhase section */
		44E4BDB61DBFC79C00CD17E5 /* Resources */ = {
			isa = PBXResourcesBuildPhase;
			buildActionMask = 2147483647;
			files = (
				44E4BDC61DBFC79C00CD17E5 /* LaunchScreen.storyboard in Resources */,
				44E4BDC31DBFC79C00CD17E5 /* Assets.xcassets in Resources */,
				44E4BDC11DBFC79C00CD17E5 /* Main.storyboard in Resources */,
				4439FE471DBFE57100281562 /* paypal.jpg in Resources */,
			);
			runOnlyForDeploymentPostprocessing = 0;
		};
		44E4BDCA1DBFC79C00CD17E5 /* Resources */ = {
			isa = PBXResourcesBuildPhase;
			buildActionMask = 2147483647;
			files = (
			);
			runOnlyForDeploymentPostprocessing = 0;
		};
		44E4BDD51DBFC79C00CD17E5 /* Resources */ = {
			isa = PBXResourcesBuildPhase;
			buildActionMask = 2147483647;
			files = (
			);
			runOnlyForDeploymentPostprocessing = 0;
		};
/* End PBXResourcesBuildPhase section */

/* Begin PBXShellScriptBuildPhase section */
		2096ADA09576EF9D050AC93D /* Embed Pods Frameworks */ = {
			isa = PBXShellScriptBuildPhase;
			buildActionMask = 2147483647;
			files = (
			);
			inputPaths = (
			);
			name = "Embed Pods Frameworks";
			outputPaths = (
			);
			runOnlyForDeploymentPostprocessing = 0;
			shellPath = /bin/sh;
			shellScript = "\"${SRCROOT}/Pods/Target Support Files/Pods/Pods-frameworks.sh\"\n";
			showEnvVarsInLog = 0;
		};
		C60999505C173EDB96FCB9DC /* Copy Pods Resources */ = {
			isa = PBXShellScriptBuildPhase;
			buildActionMask = 2147483647;
			files = (
			);
			inputPaths = (
			);
			name = "Copy Pods Resources";
			outputPaths = (
			);
			runOnlyForDeploymentPostprocessing = 0;
			shellPath = /bin/sh;
			shellScript = "\"${SRCROOT}/Pods/Target Support Files/Pods/Pods-resources.sh\"\n";
			showEnvVarsInLog = 0;
		};
		EA9550123AEDCB31AC0DD603 /* Check Pods Manifest.lock */ = {
			isa = PBXShellScriptBuildPhase;
			buildActionMask = 2147483647;
			files = (
			);
			inputPaths = (
			);
			name = "Check Pods Manifest.lock";
			outputPaths = (
			);
			runOnlyForDeploymentPostprocessing = 0;
			shellPath = /bin/sh;
			shellScript = "diff \"${PODS_ROOT}/../Podfile.lock\" \"${PODS_ROOT}/Manifest.lock\" > /dev/null\nif [[ $? != 0 ]] ; then\n    cat << EOM\nerror: The sandbox is not in sync with the Podfile.lock. Run 'pod install' or update your CocoaPods installation.\nEOM\n    exit 1\nfi\n";
			showEnvVarsInLog = 0;
		};
/* End PBXShellScriptBuildPhase section */

/* Begin PBXSourcesBuildPhase section */
		44E4BDB41DBFC79C00CD17E5 /* Sources */ = {
			isa = PBXSourcesBuildPhase;
			buildActionMask = 2147483647;
			files = (
				44E4BDBE1DBFC79C00CD17E5 /* ViewController.swift in Sources */,
				44E4BDBC1DBFC79C00CD17E5 /* AppDelegate.swift in Sources */,
			);
			runOnlyForDeploymentPostprocessing = 0;
		};
		44E4BDC81DBFC79C00CD17E5 /* Sources */ = {
			isa = PBXSourcesBuildPhase;
			buildActionMask = 2147483647;
			files = (
				44E4BDD11DBFC79C00CD17E5 /* PayPalVaultSwiftTests.swift in Sources */,
			);
			runOnlyForDeploymentPostprocessing = 0;
		};
		44E4BDD31DBFC79C00CD17E5 /* Sources */ = {
			isa = PBXSourcesBuildPhase;
			buildActionMask = 2147483647;
			files = (
				44E4BDDC1DBFC79C00CD17E5 /* PayPalVaultSwiftUITests.swift in Sources */,
			);
			runOnlyForDeploymentPostprocessing = 0;
		};
/* End PBXSourcesBuildPhase section */

/* Begin PBXTargetDependency section */
		44E4BDCE1DBFC79C00CD17E5 /* PBXTargetDependency */ = {
			isa = PBXTargetDependency;
			target = 44E4BDB71DBFC79C00CD17E5 /* PayPalVaultSwift */;
			targetProxy = 44E4BDCD1DBFC79C00CD17E5 /* PBXContainerItemProxy */;
		};
		44E4BDD91DBFC79C00CD17E5 /* PBXTargetDependency */ = {
			isa = PBXTargetDependency;
			target = 44E4BDB71DBFC79C00CD17E5 /* PayPalVaultSwift */;
			targetProxy = 44E4BDD81DBFC79C00CD17E5 /* PBXContainerItemProxy */;
		};
/* End PBXTargetDependency section */

/* Begin PBXVariantGroup section */
		44E4BDBF1DBFC79C00CD17E5 /* Main.storyboard */ = {
			isa = PBXVariantGroup;
			children = (
				44E4BDC01DBFC79C00CD17E5 /* Base */,
			);
			name = Main.storyboard;
			sourceTree = "<group>";
		};
		44E4BDC41DBFC79C00CD17E5 /* LaunchScreen.storyboard */ = {
			isa = PBXVariantGroup;
			children = (
				44E4BDC51DBFC79C00CD17E5 /* Base */,
			);
			name = LaunchScreen.storyboard;
			sourceTree = "<group>";
		};
/* End PBXVariantGroup section */

/* Begin XCBuildConfiguration section */
		44E4BDDE1DBFC79C00CD17E5 /* Debug */ = {
			isa = XCBuildConfiguration;
			buildSettings = {
				ALWAYS_SEARCH_USER_PATHS = NO;
				CLANG_ANALYZER_NONNULL = YES;
				CLANG_CXX_LANGUAGE_STANDARD = "gnu++0x";
				CLANG_CXX_LIBRARY = "libc++";
				CLANG_ENABLE_MODULES = YES;
				CLANG_ENABLE_OBJC_ARC = YES;
				CLANG_WARN_BOOL_CONVERSION = YES;
				CLANG_WARN_CONSTANT_CONVERSION = YES;
				CLANG_WARN_DIRECT_OBJC_ISA_USAGE = YES_ERROR;
				CLANG_WARN_DOCUMENTATION_COMMENTS = YES;
				CLANG_WARN_EMPTY_BODY = YES;
				CLANG_WARN_ENUM_CONVERSION = YES;
				CLANG_WARN_INFINITE_RECURSION = YES;
				CLANG_WARN_INT_CONVERSION = YES;
				CLANG_WARN_OBJC_ROOT_CLASS = YES_ERROR;
				CLANG_WARN_SUSPICIOUS_MOVE = YES;
				CLANG_WARN_SUSPICIOUS_MOVES = YES;
				CLANG_WARN_UNREACHABLE_CODE = YES;
				CLANG_WARN__DUPLICATE_METHOD_MATCH = YES;
				"CODE_SIGN_IDENTITY[sdk=iphoneos*]" = "iPhone Developer";
				COPY_PHASE_STRIP = NO;
				DEBUG_INFORMATION_FORMAT = dwarf;
				ENABLE_STRICT_OBJC_MSGSEND = YES;
				ENABLE_TESTABILITY = YES;
				GCC_C_LANGUAGE_STANDARD = gnu99;
				GCC_DYNAMIC_NO_PIC = NO;
				GCC_NO_COMMON_BLOCKS = YES;
				GCC_OPTIMIZATION_LEVEL = 0;
				GCC_PREPROCESSOR_DEFINITIONS = (
					"DEBUG=1",
					"$(inherited)",
				);
				GCC_WARN_64_TO_32_BIT_CONVERSION = YES;
				GCC_WARN_ABOUT_RETURN_TYPE = YES_ERROR;
				GCC_WARN_UNDECLARED_SELECTOR = YES;
				GCC_WARN_UNINITIALIZED_AUTOS = YES_AGGRESSIVE;
				GCC_WARN_UNUSED_FUNCTION = YES;
				GCC_WARN_UNUSED_VARIABLE = YES;
				IPHONEOS_DEPLOYMENT_TARGET = 10.0;
				MTL_ENABLE_DEBUG_INFO = YES;
				ONLY_ACTIVE_ARCH = YES;
				SDKROOT = iphoneos;
				SWIFT_ACTIVE_COMPILATION_CONDITIONS = DEBUG;
				SWIFT_OBJC_BRIDGING_HEADER = PayPalVaultSwift/BridgingHeader.h;
				SWIFT_OPTIMIZATION_LEVEL = "-Onone";
			};
			name = Debug;
		};
		44E4BDDF1DBFC79C00CD17E5 /* Release */ = {
			isa = XCBuildConfiguration;
			buildSettings = {
				ALWAYS_SEARCH_USER_PATHS = NO;
				CLANG_ANALYZER_NONNULL = YES;
				CLANG_CXX_LANGUAGE_STANDARD = "gnu++0x";
				CLANG_CXX_LIBRARY = "libc++";
				CLANG_ENABLE_MODULES = YES;
				CLANG_ENABLE_OBJC_ARC = YES;
				CLANG_WARN_BOOL_CONVERSION = YES;
				CLANG_WARN_CONSTANT_CONVERSION = YES;
				CLANG_WARN_DIRECT_OBJC_ISA_USAGE = YES_ERROR;
				CLANG_WARN_DOCUMENTATION_COMMENTS = YES;
				CLANG_WARN_EMPTY_BODY = YES;
				CLANG_WARN_ENUM_CONVERSION = YES;
				CLANG_WARN_INFINITE_RECURSION = YES;
				CLANG_WARN_INT_CONVERSION = YES;
				CLANG_WARN_OBJC_ROOT_CLASS = YES_ERROR;
				CLANG_WARN_SUSPICIOUS_MOVE = YES;
				CLANG_WARN_SUSPICIOUS_MOVES = YES;
				CLANG_WARN_UNREACHABLE_CODE = YES;
				CLANG_WARN__DUPLICATE_METHOD_MATCH = YES;
				"CODE_SIGN_IDENTITY[sdk=iphoneos*]" = "iPhone Developer";
				COPY_PHASE_STRIP = NO;
				DEBUG_INFORMATION_FORMAT = "dwarf-with-dsym";
				ENABLE_NS_ASSERTIONS = NO;
				ENABLE_STRICT_OBJC_MSGSEND = YES;
				GCC_C_LANGUAGE_STANDARD = gnu99;
				GCC_NO_COMMON_BLOCKS = YES;
				GCC_WARN_64_TO_32_BIT_CONVERSION = YES;
				GCC_WARN_ABOUT_RETURN_TYPE = YES_ERROR;
				GCC_WARN_UNDECLARED_SELECTOR = YES;
				GCC_WARN_UNINITIALIZED_AUTOS = YES_AGGRESSIVE;
				GCC_WARN_UNUSED_FUNCTION = YES;
				GCC_WARN_UNUSED_VARIABLE = YES;
				IPHONEOS_DEPLOYMENT_TARGET = 10.0;
				MTL_ENABLE_DEBUG_INFO = NO;
				SDKROOT = iphoneos;
				SWIFT_OBJC_BRIDGING_HEADER = PayPalVaultSwift/BridgingHeader.h;
				SWIFT_OPTIMIZATION_LEVEL = "-Owholemodule";
				VALIDATE_PRODUCT = YES;
			};
			name = Release;
		};
		44E4BDE11DBFC79C00CD17E5 /* Debug */ = {
			isa = XCBuildConfiguration;
			baseConfigurationReference = CF645DE6C67A220AA3700264 /* Pods.debug.xcconfig */;
			buildSettings = {
				ASSETCATALOG_COMPILER_APPICON_NAME = AppIcon;
				CODE_SIGN_IDENTITY = "";
				"CODE_SIGN_IDENTITY[sdk=iphoneos*]" = "";
				DEVELOPMENT_TEAM = 9A3TTZETCF;
				INFOPLIST_FILE = PayPalVaultSwift/Info.plist;
				LD_RUNPATH_SEARCH_PATHS = "$(inherited) @executable_path/Frameworks";
				PRODUCT_BUNDLE_IDENTIFIER = OKAppz.PayPalVaultSwift;
				PRODUCT_NAME = "$(TARGET_NAME)";
				SWIFT_VERSION = 2.3;
			};
			name = Debug;
		};
		44E4BDE21DBFC79C00CD17E5 /* Release */ = {
			isa = XCBuildConfiguration;
			baseConfigurationReference = 3E000E3DFEA360E20D4B3C13 /* Pods.release.xcconfig */;
			buildSettings = {
				ASSETCATALOG_COMPILER_APPICON_NAME = AppIcon;
				CODE_SIGN_IDENTITY = "";
				"CODE_SIGN_IDENTITY[sdk=iphoneos*]" = "";
				DEVELOPMENT_TEAM = 9A3TTZETCF;
				INFOPLIST_FILE = PayPalVaultSwift/Info.plist;
				LD_RUNPATH_SEARCH_PATHS = "$(inherited) @executable_path/Frameworks";
				PRODUCT_BUNDLE_IDENTIFIER = OKAppz.PayPalVaultSwift;
				PRODUCT_NAME = "$(TARGET_NAME)";
				SWIFT_VERSION = 2.3;
			};
			name = Release;
		};
		44E4BDE41DBFC79C00CD17E5 /* Debug */ = {
			isa = XCBuildConfiguration;
			buildSettings = {
				ALWAYS_EMBED_SWIFT_STANDARD_LIBRARIES = YES;
				BUNDLE_LOADER = "$(TEST_HOST)";
				INFOPLIST_FILE = PayPalVaultSwiftTests/Info.plist;
				LD_RUNPATH_SEARCH_PATHS = "$(inherited) @executable_path/Frameworks @loader_path/Frameworks";
				PRODUCT_BUNDLE_IDENTIFIER = OKAppz.PayPalVaultSwiftTests;
				PRODUCT_NAME = "$(TARGET_NAME)";
				SWIFT_VERSION = 3.0;
				TEST_HOST = "$(BUILT_PRODUCTS_DIR)/PayPalVaultSwift.app/PayPalVaultSwift";
			};
			name = Debug;
		};
		44E4BDE51DBFC79C00CD17E5 /* Release */ = {
			isa = XCBuildConfiguration;
			buildSettings = {
				ALWAYS_EMBED_SWIFT_STANDARD_LIBRARIES = YES;
				BUNDLE_LOADER = "$(TEST_HOST)";
				INFOPLIST_FILE = PayPalVaultSwiftTests/Info.plist;
				LD_RUNPATH_SEARCH_PATHS = "$(inherited) @executable_path/Frameworks @loader_path/Frameworks";
				PRODUCT_BUNDLE_IDENTIFIER = OKAppz.PayPalVaultSwiftTests;
				PRODUCT_NAME = "$(TARGET_NAME)";
				SWIFT_VERSION = 3.0;
				TEST_HOST = "$(BUILT_PRODUCTS_DIR)/PayPalVaultSwift.app/PayPalVaultSwift";
			};
			name = Release;
		};
		44E4BDE71DBFC79C00CD17E5 /* Debug */ = {
			isa = XCBuildConfiguration;
			buildSettings = {
				ALWAYS_EMBED_SWIFT_STANDARD_LIBRARIES = YES;
				INFOPLIST_FILE = PayPalVaultSwiftUITests/Info.plist;
				LD_RUNPATH_SEARCH_PATHS = "$(inherited) @executable_path/Frameworks @loader_path/Frameworks";
				PRODUCT_BUNDLE_IDENTIFIER = OKAppz.PayPalVaultSwiftUITests;
				PRODUCT_NAME = "$(TARGET_NAME)";
				SWIFT_VERSION = 3.0;
				TEST_TARGET_NAME = PayPalVaultSwift;
			};
			name = Debug;
		};
		44E4BDE81DBFC79C00CD17E5 /* Release */ = {
			isa = XCBuildConfiguration;
			buildSettings = {
				ALWAYS_EMBED_SWIFT_STANDARD_LIBRARIES = YES;
				INFOPLIST_FILE = PayPalVaultSwiftUITests/Info.plist;
				LD_RUNPATH_SEARCH_PATHS = "$(inherited) @executable_path/Frameworks @loader_path/Frameworks";
				PRODUCT_BUNDLE_IDENTIFIER = OKAppz.PayPalVaultSwiftUITests;
				PRODUCT_NAME = "$(TARGET_NAME)";
				SWIFT_VERSION = 3.0;
				TEST_TARGET_NAME = PayPalVaultSwift;
			};
			name = Release;
		};
/* End XCBuildConfiguration section */

/* Begin XCConfigurationList section */
		44E4BDB31DBFC79C00CD17E5 /* Build configuration list for PBXProject "PayPalVaultSwift" */ = {
			isa = XCConfigurationList;
			buildConfigurations = (
				44E4BDDE1DBFC79C00CD17E5 /* Debug */,
				44E4BDDF1DBFC79C00CD17E5 /* Release */,
			);
			defaultConfigurationIsVisible = 0;
			defaultConfigurationName = Release;
		};
		44E4BDE01DBFC79C00CD17E5 /* Build configuration list for PBXNativeTarget "PayPalVaultSwift" */ = {
			isa = XCConfigurationList;
			buildConfigurations = (
				44E4BDE11DBFC79C00CD17E5 /* Debug */,
				44E4BDE21DBFC79C00CD17E5 /* Release */,
			);
			defaultConfigurationIsVisible = 0;
			defaultConfigurationName = Release;
		};
		44E4BDE31DBFC79C00CD17E5 /* Build configuration list for PBXNativeTarget "PayPalVaultSwiftTests" */ = {
			isa = XCConfigurationList;
			buildConfigurations = (
				44E4BDE41DBFC79C00CD17E5 /* Debug */,
				44E4BDE51DBFC79C00CD17E5 /* Release */,
			);
			defaultConfigurationIsVisible = 0;
			defaultConfigurationName = Release;
		};
		44E4BDE61DBFC79C00CD17E5 /* Build configuration list for PBXNativeTarget "PayPalVaultSwiftUITests" */ = {
			isa = XCConfigurationList;
			buildConfigurations = (
				44E4BDE71DBFC79C00CD17E5 /* Debug */,
				44E4BDE81DBFC79C00CD17E5 /* Release */,
			);
			defaultConfigurationIsVisible = 0;
			defaultConfigurationName = Release;
		};
/* End XCConfigurationList section */
	};
	rootObject = 44E4BDB01DBFC79C00CD17E5 /* Project object */;
}
